{
  "version": 4,
  "terraform_version": "1.6.5",
  "serial": 20,
  "lineage": "c5dafe88-9b9e-415c-aa2d-9538c43cda06",
  "outputs": {
    "backed": {
      "value": "54.193.222.30",
      "type": "string"
    },
    "frontend": {
      "value": "52.53.130.80",
      "type": "string"
    }
  },
  "resources": [
    {
      "mode": "managed",
      "type": "aws_instance",
      "name": "server",
      "provider": "provider[\"registry.terraform.io/hashicorp/aws\"]",
      "instances": [
        {
          "schema_version": 1,
          "attributes": {
            "ami": "ami-080d1454ad4fabd12",
            "arn": "arn:aws:ec2:us-west-1:685699948540:instance/i-01d78dba1ecbdfac5",
            "associate_public_ip_address": true,
            "availability_zone": "us-west-1b",
            "capacity_reservation_specification": [
              {
                "capacity_reservation_preference": "open",
                "capacity_reservation_target": []
              }
            ],
            "cpu_core_count": 1,
            "cpu_options": [
              {
                "amd_sev_snp": "",
                "core_count": 1,
                "threads_per_core": 1
              }
            ],
            "cpu_threads_per_core": 1,
            "credit_specification": [
              {
                "cpu_credits": "standard"
              }
            ],
            "disable_api_stop": false,
            "disable_api_termination": false,
            "ebs_block_device": [],
            "ebs_optimized": false,
            "enclave_options": [
              {
                "enabled": false
              }
            ],
            "ephemeral_block_device": [],
            "get_password_data": false,
            "hibernation": false,
            "host_id": "",
            "host_resource_group_arn": null,
            "iam_instance_profile": "",
            "id": "i-01d78dba1ecbdfac5",
            "instance_initiated_shutdown_behavior": "stop",
            "instance_lifecycle": "",
            "instance_market_options": [],
            "instance_state": "running",
            "instance_type": "t2.micro",
            "ipv6_address_count": 0,
            "ipv6_addresses": [],
            "key_name": "cats1",
            "launch_template": [],
            "maintenance_options": [
              {
                "auto_recovery": "default"
              }
            ],
            "metadata_options": [
              {
                "http_endpoint": "enabled",
                "http_protocol_ipv6": "disabled",
                "http_put_response_hop_limit": 1,
                "http_tokens": "optional",
                "instance_metadata_tags": "disabled"
              }
            ],
            "monitoring": false,
            "network_interface": [],
            "outpost_arn": "",
            "password_data": "",
            "placement_group": "",
            "placement_partition_number": 0,
            "primary_network_interface_id": "eni-04eb78c69ddbad9a9",
            "private_dns": "ip-172-31-18-168.us-west-1.compute.internal",
            "private_dns_name_options": [
              {
                "enable_resource_name_dns_a_record": false,
                "enable_resource_name_dns_aaaa_record": false,
                "hostname_type": "ip-name"
              }
            ],
            "private_ip": "172.31.18.168",
            "public_dns": "ec2-52-53-130-80.us-west-1.compute.amazonaws.com",
            "public_ip": "52.53.130.80",
            "root_block_device": [
              {
                "delete_on_termination": true,
                "device_name": "/dev/xvda",
                "encrypted": false,
                "iops": 100,
                "kms_key_id": "",
                "tags": {},
                "throughput": 0,
                "volume_id": "vol-0ea74ae95376dace6",
                "volume_size": 8,
                "volume_type": "gp2"
              }
            ],
            "secondary_private_ips": [],
            "security_groups": [
              "default"
            ],
            "source_dest_check": true,
            "spot_instance_request_id": "",
            "subnet_id": "subnet-0fa57e27a8d80dca1",
            "tags": {
              "Name": "C8.local"
            },
            "tags_all": {
              "Name": "C8.local"
            },
            "tenancy": "default",
            "timeouts": null,
            "user_data": "453fa438f05e4f35ae2e8a16884baa38f15f7677",
            "user_data_base64": null,
            "user_data_replace_on_change": false,
            "volume_tags": null,
            "vpc_security_group_ids": [
              "sg-0c32fcc5bc25c3f63"
            ]
          },
          "sensitive_attributes": [],
          "private": "eyJlMmJmYjczMC1lY2FhLTExZTYtOGY4OC0zNDM2M2JjN2M0YzAiOnsiY3JlYXRlIjo2MDAwMDAwMDAwMDAsImRlbGV0ZSI6MTIwMDAwMDAwMDAwMCwidXBkYXRlIjo2MDAwMDAwMDAwMDB9LCJzY2hlbWFfdmVyc2lvbiI6IjEifQ=="
        }
      ]
    },
    {
      "mode": "managed",
      "type": "aws_instance",
      "name": "server-backend",
      "provider": "provider[\"registry.terraform.io/hashicorp/aws\"]",
      "instances": [
        {
          "schema_version": 1,
          "attributes": {
            "ami": "ami-0da7657fe73215c0c",
            "arn": "arn:aws:ec2:us-west-1:685699948540:instance/i-0f764661ebc20ec06",
            "associate_public_ip_address": true,
            "availability_zone": "us-west-1b",
            "capacity_reservation_specification": [
              {
                "capacity_reservation_preference": "open",
                "capacity_reservation_target": []
              }
            ],
            "cpu_core_count": 1,
            "cpu_options": [
              {
                "amd_sev_snp": "",
                "core_count": 1,
                "threads_per_core": 1
              }
            ],
            "cpu_threads_per_core": 1,
            "credit_specification": [
              {
                "cpu_credits": "standard"
              }
            ],
            "disable_api_stop": false,
            "disable_api_termination": false,
            "ebs_block_device": [],
            "ebs_optimized": false,
            "enclave_options": [
              {
                "enabled": false
              }
            ],
            "ephemeral_block_device": [],
            "get_password_data": false,
            "hibernation": false,
            "host_id": "",
            "host_resource_group_arn": null,
            "iam_instance_profile": "",
            "id": "i-0f764661ebc20ec06",
            "instance_initiated_shutdown_behavior": "stop",
            "instance_lifecycle": "",
            "instance_market_options": [],
            "instance_state": "running",
            "instance_type": "t2.micro",
            "ipv6_address_count": 0,
            "ipv6_addresses": [],
            "key_name": "cats1",
            "launch_template": [],
            "maintenance_options": [
              {
                "auto_recovery": "default"
              }
            ],
            "metadata_options": [
              {
                "http_endpoint": "enabled",
                "http_protocol_ipv6": "disabled",
                "http_put_response_hop_limit": 1,
                "http_tokens": "optional",
                "instance_metadata_tags": "disabled"
              }
            ],
            "monitoring": false,
            "network_interface": [],
            "outpost_arn": "",
            "password_data": "",
            "placement_group": "",
            "placement_partition_number": 0,
            "primary_network_interface_id": "eni-0e58bccffa38e504f",
            "private_dns": "ip-172-31-16-92.us-west-1.compute.internal",
            "private_dns_name_options": [
              {
                "enable_resource_name_dns_a_record": false,
                "enable_resource_name_dns_aaaa_record": false,
                "hostname_type": "ip-name"
              }
            ],
            "private_ip": "172.31.16.92",
            "public_dns": "ec2-54-193-222-30.us-west-1.compute.amazonaws.com",
            "public_ip": "54.193.222.30",
            "root_block_device": [
              {
                "delete_on_termination": true,
                "device_name": "/dev/sda1",
                "encrypted": false,
                "iops": 100,
                "kms_key_id": "",
                "tags": {},
                "throughput": 0,
                "volume_id": "vol-08e51df30a2b24a53",
                "volume_size": 8,
                "volume_type": "gp2"
              }
            ],
            "secondary_private_ips": [],
            "security_groups": [
              "default"
            ],
            "source_dest_check": true,
            "spot_instance_request_id": "",
            "subnet_id": "subnet-0fa57e27a8d80dca1",
            "tags": {
              "Name": "U21.local"
            },
            "tags_all": {
              "Name": "U21.local"
            },
            "tenancy": "default",
            "timeouts": null,
            "user_data": "67b934b70f9ebc4c510e173af90d135ddacfc712",
            "user_data_base64": null,
            "user_data_replace_on_change": false,
            "volume_tags": null,
            "vpc_security_group_ids": [
              "sg-0c32fcc5bc25c3f63"
            ]
          },
          "sensitive_attributes": [],
          "private": "eyJlMmJmYjczMC1lY2FhLTExZTYtOGY4OC0zNDM2M2JjN2M0YzAiOnsiY3JlYXRlIjo2MDAwMDAwMDAwMDAsImRlbGV0ZSI6MTIwMDAwMDAwMDAwMCwidXBkYXRlIjo2MDAwMDAwMDAwMDB9LCJzY2hlbWFfdmVyc2lvbiI6IjEifQ=="
        }
      ]
    },
    {
      "mode": "managed",
      "type": "local_file",
      "name": "inventory",
      "provider": "provider[\"registry.terraform.io/hashicorp/local\"]",
      "instances": [
        {
          "schema_version": 0,
          "attributes": {
            "content": "[frontend]\r\n52.53.130.80\r\n[backend]\r\n54.193.222.30\r\n",
            "content_base64": null,
            "content_base64sha256": "BGLyyEeBXC5HC7wNiYLBeFisUhTEOVNDNF3SxcEbEUA=",
            "content_base64sha512": "XNweQnZ+RkQU2W2LnFRaWLG2qN4DU9LEPzFuxS1+Dbup74TCSG3XkIsZsxxsFPl4UOOVxU4UPw/fq40RIaumVQ==",
            "content_md5": "9e66613fdc0742df3541e36b249dc411",
            "content_sha1": "0480f94a834948534a261e8fac4b2cc06b64763a",
            "content_sha256": "0462f2c847815c2e470bbc0d8982c17858ac5214c4395343345dd2c5c11b1140",
            "content_sha512": "5cdc1e42767e464414d96d8b9c545a58b1b6a8de0353d2c43f316ec52d7e0dbba9ef84c2486dd7908b19b31c6c14f97850e395c54e143f0fdfab8d1121aba655",
            "directory_permission": "0777",
            "file_permission": "0777",
            "filename": "./inventory.yaml",
            "id": "0480f94a834948534a261e8fac4b2cc06b64763a",
            "sensitive_content": null,
            "source": null
          },
          "sensitive_attributes": [],
          "dependencies": [
            "aws_instance.server",
            "aws_instance.server-backend"
          ]
        }
      ]
    },
    {
      "mode": "managed",
      "type": "local_file",
      "name": "linux_playbook",
      "provider": "provider[\"registry.terraform.io/hashicorp/local\"]",
      "instances": [
        {
          "schema_version": 0,
          "attributes": {
            "content": "write the playbook for linux",
            "content_base64": null,
            "content_base64sha256": "mOWwBJltPx/UYoNf3pdtzfeI53YB8PSSvUud1YDoIyc=",
            "content_base64sha512": "b+YTsRET/xMUyuYXcp0FjTQ+jBQVzNNnYeSGZwwIorXyLbRmJoQqfqzYLsv1j1w/rkyLNk28ENrYaVOw9glJQA==",
            "content_md5": "fc2f26313d99dff409a7836f0988b593",
            "content_sha1": "418ba36d5e94ac962280146dbcca3ed2590a6971",
            "content_sha256": "98e5b004996d3f1fd462835fde976dcdf788e77601f0f492bd4b9dd580e82327",
            "content_sha512": "6fe613b11113ff1314cae617729d058d343e8c1415ccd36761e486670c08a2b5f22db46626842a7eacd82ecbf58f5c3fae4c8b364dbc10dad86953b0f6094940",
            "directory_permission": "0777",
            "file_permission": "0777",
            "filename": "./linux_playbook.yaml",
            "id": "418ba36d5e94ac962280146dbcca3ed2590a6971",
            "sensitive_content": null,
            "source": null
          },
          "sensitive_attributes": []
        }
      ]
    },
    {
      "mode": "managed",
      "type": "local_file",
      "name": "ubutu_playbook",
      "provider": "provider[\"registry.terraform.io/hashicorp/local\"]",
      "instances": [
        {
          "schema_version": 0,
          "attributes": {
            "content": "write the playbook for ubuntu",
            "content_base64": null,
            "content_base64sha256": "BJCYYEXSllBZdGF1KitEpHzclsSAg2VWj5e+NbVO3tQ=",
            "content_base64sha512": "d8QTFikMbHe4cB6XIbAunt3R4VXpPua8lT+p9tNHr8LyCu9ZvfUtPqiPE+R3kXF8Ki58q+i/xKtx1hZ6caS8xQ==",
            "content_md5": "33042c5c47043ef4bf4fd433620a6c39",
            "content_sha1": "a5ac27a305cc2669c2f2a42826f176ffbb671695",
            "content_sha256": "0490986045d29650597461752a2b44a47cdc96c4808365568f97be35b54eded4",
            "content_sha512": "77c41316290c6c77b8701e9721b02e9eddd1e155e93ee6bc953fa9f6d347afc2f20aef59bdf52d3ea88f13e47791717c2a2e7cabe8bfc4ab71d6167a71a4bcc5",
            "directory_permission": "0777",
            "file_permission": "0777",
            "filename": "./ubuntu_playbook.yaml",
            "id": "a5ac27a305cc2669c2f2a42826f176ffbb671695",
            "sensitive_content": null,
            "source": null
          },
          "sensitive_attributes": []
        }
      ]
    }
  ],
  "check_results": null
}
